{
  "version": "5",
  "specifiers": {
    "jsr:@std/assert@1": "1.0.19",
    "jsr:@std/internal@^1.0.12": "1.0.13",
    "npm:@types/chrome@*": "0.1.42",
    "npm:fuse.js@^7.3.0": "7.3.0"
  },
  "jsr": {
    "@std/assert@1.0.19": {
      "integrity": "eaada96ee120cb980bc47e040f82814d786fe8162ecc53c91d8df60b8755991e",
      "dependencies": [
        "jsr:@std/internal"
      ]
    },
    "@std/internal@1.0.13": {
      "integrity": "2f9546691d4ac2d32859c82dff284aaeac980ddeca38430d07941e7e288725c0"
    }
  },
  "npm": {
    "@types/chrome@0.1.42": {
      "integrity": "sha512-tdT2roFqGecZZDjA9fUEAINb2STxSPifHMDvY6EfRjNRCjdrs/0FwKt5RCIA9MKMd1arAYZZL3nwEkp6ZLZu2w==",
      "dependencies": [
        "@types/filesystem",
        "@types/har-format"
      ]
    },
    "@types/filesystem@0.0.36": {
      "integrity": "sha512-vPDXOZuannb9FZdxgHnqSwAG/jvdGM8Wq+6N4D/d80z+D4HWH+bItqsZaVRQykAn6WEVeEkLm2oQigyHtgb0RA==",
      "dependencies": [
        "@types/filewriter"
      ]
    },
    "@types/filewriter@0.0.33": {
      "integrity": "sha512-xFU8ZXTw4gd358lb2jw25nxY9QAgqn2+bKKjKOYfNCzN4DKCFetK7sPtrlpg66Ywe3vWY9FNxprZawAh9wfJ3g=="
    },
    "@types/har-format@1.2.16": {
      "integrity": "sha512-fluxdy7ryD3MV6h8pTfTYpy/xQzCFC7m89nOH9y94cNqJ1mDIDPut7MnRHI3F6qRmh/cT2fUjG1MLdCNb4hE9A=="
    },
    "fuse.js@7.3.0": {
      "integrity": "sha512-plz8RVjfcDedTGfVngWH1jmJvBvAwi1v2jecfDerbEnMcmOYUEEwKFTHbNoCiYyzaK2Ws8lABkTCcRSqCY1q4w=="
    }
  },
  "workspace": {
    "dependencies": [
      "jsr:@std/assert@1",
      "npm:@types/chrome@*",
      "npm:fuse.js@^7.3.0"
    ]
  }
}
